<?xml version="1.0" encoding="utf-8"?>
<Project ToolsVersion="4.0" xmlns="http://schemas.microsoft.com/developer/msbuild/2003">
  <ItemGroup>
    <Filter Include="Source Files">
      <UniqueIdentifier>{4FC737F1-C7A5-4376-A066-2A32D752A2FF}</UniqueIdentifier>
      <Extensions>cpp;c;cc;cxx;c++;cppm;ixx;def;odl;idl;hpj;bat;asm;asmx</Extensions>
    </Filter>
    <Filter Include="Header Files">
      <UniqueIdentifier>{93995380-89BD-4b04-88EB-625FBE52EBFB}</UniqueIdentifier>
      <Extensions>h;hh;hpp;hxx;h++;hm;inl;inc;ipp;xsd</Extensions>
    </Filter>
    <Filter Include="Resource Files">
      <UniqueIdentifier>{67DA6AB6-F800-4c08-8B7A-83BB121AAD01}</UniqueIdentifier>
      <Extensions>rc;ico;cur;bmp;dlg;rc2;rct;bin;rgs;gif;jpg;jpeg;jpe;resx;tiff;tif;png;wav;mfcribbon-ms</Extensions>
    </Filter>
    <Filter Include="Source Files\shaders">
      <UniqueIdentifier>{fbe08b6c-417f-4511-ad31-bfc6200a5ae9}</UniqueIdentifier>
    </Filter>
  </ItemGroup>
  <ItemGroup>
    <ClCompile Include="main.cpp">
      <Filter>Source Files</Filter>
    </ClCompile>
    <ClCompile Include="render_object.cpp">
      <Filter>Source Files</Filter>
    </ClCompile>
    <ClCompile Include="renderer.cpp">
      <Filter>Source Files</Filter>
    </ClCompile>
    <ClCompile Include="camera.cpp">
      <Filter>Source Files</Filter>
    </ClCompile>
    <ClCompile Include="material.cpp">
      <Filter>Source Files</Filter>
    </ClCompile>
    <ClCompile Include="particle_system.cpp">
      <Filter>Source Files</Filter>
    </ClCompile>
    <ClCompile Include="shader.cpp">
      <Filter>Source Files</Filter>
    </ClCompile>
    <ClCompile Include="texture.cpp">
      <Filter>Source Files</Filter>
    </ClCompile>
    <ClCompile Include="model.cpp">
      <Filter>Source Files</Filter>
    </ClCompile>
    <ClCompile Include="post_processing.cpp">
      <Filter>Source Files</Filter>
    </ClCompile>
    <ClCompile Include="sky.cpp">
      <Filter>Source Files</Filter>
    </ClCompile>
    <ClCompile Include="miniz.c">
      <Filter>Source Files</Filter>
    </ClCompile>
  </ItemGroup>
  <ItemGroup>
    <ClInclude Include="render_object.hpp">
      <Filter>Header Files</Filter>
    </ClInclude>
    <ClInclude Include="renderer.hpp">
      <Filter>Header Files</Filter>
    </ClInclude>
    <ClInclude Include="camera.hpp">
      <Filter>Header Files</Filter>
    </ClInclude>
    <ClInclude Include="material.hpp">
      <Filter>Header Files</Filter>
    </ClInclude>
    <ClInclude Include="particle_system.hpp">
      <Filter>Header Files</Filter>
    </ClInclude>
    <ClInclude Include="shader.hpp">
      <Filter>Header Files</Filter>
    </ClInclude>
    <ClInclude Include="assets.hpp">
      <Filter>Header Files</Filter>
    </ClInclude>
    <ClInclude Include="texture.hpp">
      <Filter>Header Files</Filter>
    </ClInclude>
    <ClInclude Include="model.hpp">
      <Filter>Header Files</Filter>
    </ClInclude>
    <ClInclude Include="post_processing.hpp">
      <Filter>Header Files</Filter>
    </ClInclude>
    <ClInclude Include="hdr_fbo.hpp">
      <Filter>Header Files</Filter>
    </ClInclude>
    <ClInclude Include="sky.hpp">
      <Filter>Header Files</Filter>
    </ClInclude>
    <ClInclude Include="miniz.h">
      <Filter>Header Files</Filter>
    </ClInclude>
  </ItemGroup>
  <ItemGroup>
    <None Include="shaders\default.vert">
      <Filter>Source Files\shaders</Filter>
    </None>
    <None Include="shaders\default_tess.vert">
      <Filter>Source Files\shaders</Filter>
    </None>
    <None Include="shaders\pbr.frag">
      <Filter>Source Files\shaders</Filter>
    </None>
    <None Include="shaders\phong.frag">
      <Filter>Source Files\shaders</Filter>
    </None>
    <None Include="shaders\quad_tess.tesc">
      <Filter>Source Files\shaders</Filter>
    </None>
    <None Include="shaders\quad_tess.tese">
      <Filter>Source Files\shaders</Filter>
    </None>
    <None Include="shaders\tri_tess.tesc">
      <Filter>Source Files\shaders</Filter>
    </None>
    <None Include="shaders\tri_tess.tese">
      <Filter>Source Files\shaders</Filter>
    </None>
    <None Include="shaders\waves.vert">
      <Filter>Source Files\shaders</Filter>
    </None>
    <None Include="shaders\hdr.frag">
      <Filter>Source Files\shaders</Filter>
    </None>
    <None Include="shaders\post_processing.vert">
      <Filter>Source Files\shaders</Filter>
    </None>
    <None Include="shaders\aces.frag">
      <Filter>Source Files\shaders</Filter>
    </None>
    <None Include="shaders\copy.frag">
      <Filter>Source Files\shaders</Filter>
    </None>
    <None Include="shaders\linear_to_gamma.frag">
      <Filter>Source Files\shaders</Filter>
    </None>
    <None Include="shaders\skybox.vert">
      <Filter>Source Files\shaders</Filter>
    </None>
    <None Include="shaders\skybox.frag">
      <Filter>Source Files\shaders</Filter>
    </None>
    <None Include="shaders\equi_to_cube.frag">
      <Filter>Source Files\shaders</Filter>
    </None>
    <None Include="shaders\cubemap.vert">
      <Filter>Source Files\shaders</Filter>
    </None>
    <None Include="shaders\irradiance_convolution.frag">
      <Filter>Source Files\shaders</Filter>
    </None>
  </ItemGroup>
</Project>